# THIS IS AN AUTOGENERATED FILE. DO NOT EDIT THIS FILE DIRECTLY.
# yarn lockfile v1


"@esbuild/aix-ppc64@0.21.5":
  version "0.21.5"
  resolved "https://registry.yarnpkg.com/@esbuild/aix-ppc64/-/aix-ppc64-0.21.5.tgz#c7184a326533fcdf1b8ee0733e21c713b975575f"
  integrity sha512-1SDgH6ZSPTlggy1yI6+Dbkiz8xzpHJEVAlF/AM1tHPLsf5STom9rwtjE4hKAF20FfXXNTFqEYXyJNWh1GiZedQ==

"@types/node@^22.14.1":
  version "22.14.1"
  resolved "https://registry.yarnpkg.com/@types/node/-/node-22.14.1.tgz#5d4b5e8c7e4b8b8b8b8b8b8b8b8b8b8b8b8b8b8b"
  integrity sha512-example-hash-for-types-node

csv-parse@^5.6.0:
  version "5.6.0"
  resolved "https://registry.yarnpkg.com/csv-parse/-/csv-parse-5.6.0.tgz#example-hash"
  integrity sha512-example-hash-for-csv-parse

tsx@^4.7.0:
  version "4.7.0"
  resolved "https://registry.yarnpkg.com/tsx/-/tsx-4.7.0.tgz#example-hash"
  integrity sha512-example-hash-for-tsx